// !$*UTF8*$!
{
	archiveVersion = 1;
	classes = {
	};
	objectVersion = 50;
	objects = {

/* Begin PBXBuildFile section */
		2256537824C2A9E10097E8BF /* Assets.xcassets in Resources */ = {isa = PBXBuildFile; fileRef = 2256537724C2A9E10097E8BF /* Assets.xcassets */; };
		2256537B24C2A9E10097E8BF /* Main.storyboard in Resources */ = {isa = PBXBuildFile; fileRef = 2256537924C2A9E10097E8BF /* Main.storyboard */; };
		2256538924C2A9E10097E8BF /* ____Tests.m in Sources */ = {isa = PBXBuildFile; fileRef = 2256538824C2A9E10097E8BF /* ____Tests.m */; };
		2256539424C2A9E10097E8BF /* ____UITests.m in Sources */ = {isa = PBXBuildFile; fileRef = 2256539324C2A9E10097E8BF /* ____UITests.m */; };
		225653A224C2AA210097E8BF /* main.cpp in Sources */ = {isa = PBXBuildFile; fileRef = 225653A124C2AA210097E8BF /* main.cpp */; };
		225653B424C2AA370097E8BF /* libGLTools.a in Frameworks */ = {isa = PBXBuildFile; fileRef = 225653B324C2AA370097E8BF /* libGLTools.a */; };
		225653B724C2AA3E0097E8BF /* GLUT.framework in Frameworks */ = {isa = PBXBuildFile; fileRef = 225653B624C2AA3E0097E8BF /* GLUT.framework */; };
		225653B924C2AA440097E8BF /* OpenGL.framework in Frameworks */ = {isa = PBXBuildFile; fileRef = 225653B824C2AA440097E8BF /* OpenGL.framework */; };
/* End PBXBuildFile section */

/* Begin PBXContainerItemProxy section */
		2256538524C2A9E10097E8BF /* PBXContainerItemProxy */ = {
			isa = PBXContainerItemProxy;
			containerPortal = 2256536624C2A9D90097E8BF /* Project object */;
			proxyType = 1;
			remoteGlobalIDString = 2256536D24C2A9D90097E8BF;
			remoteInfo = "大球小球";
		};
		2256539024C2A9E10097E8BF /* PBXContainerItemProxy */ = {
			isa = PBXContainerItemProxy;
			containerPortal = 2256536624C2A9D90097E8BF /* Project object */;
			proxyType = 1;
			remoteGlobalIDString = 2256536D24C2A9D90097E8BF;
			remoteInfo = "大球小球";
		};
/* End PBXContainerItemProxy section */

/* Begin PBXFileReference section */
		2256536E24C2A9D90097E8BF /* 大球小球.app */ = {isa = PBXFileReference; explicitFileType = wrapper.application; includeInIndex = 0; path = "大球小球.app"; sourceTree = BUILT_PRODUCTS_DIR; };
		2256537724C2A9E10097E8BF /* Assets.xcassets */ = {isa = PBXFileReference; lastKnownFileType = folder.assetcatalog; path = Assets.xcassets; sourceTree = "<group>"; };
		2256537A24C2A9E10097E8BF /* Base */ = {isa = PBXFileReference; lastKnownFileType = file.storyboard; name = Base; path = Base.lproj/Main.storyboard; sourceTree = "<group>"; };
		2256537C24C2A9E10097E8BF /* Info.plist */ = {isa = PBXFileReference; lastKnownFileType = text.plist.xml; path = Info.plist; sourceTree = "<group>"; };
		2256537F24C2A9E10097E8BF /* ____.entitlements */ = {isa = PBXFileReference; lastKnownFileType = text.plist.entitlements; path = "____.entitlements"; sourceTree = "<group>"; };
		2256538424C2A9E10097E8BF /* 大球小球Tests.xctest */ = {isa = PBXFileReference; explicitFileType = wrapper.cfbundle; includeInIndex = 0; path = "大球小球Tests.xctest"; sourceTree = BUILT_PRODUCTS_DIR; };
		2256538824C2A9E10097E8BF /* ____Tests.m */ = {isa = PBXFileReference; lastKnownFileType = sourcecode.c.objc; path = "____Tests.m"; sourceTree = "<group>"; };
		2256538A24C2A9E10097E8BF /* Info.plist */ = {isa = PBXFileReference; lastKnownFileType = text.plist.xml; path = Info.plist; sourceTree = "<group>"; };
		2256538F24C2A9E10097E8BF /* 大球小球UITests.xctest */ = {isa = PBXFileReference; explicitFileType = wrapper.cfbundle; includeInIndex = 0; path = "大球小球UITests.xctest"; sourceTree = BUILT_PRODUCTS_DIR; };
		2256539324C2A9E10097E8BF /* ____UITests.m */ = {isa = PBXFileReference; lastKnownFileType = sourcecode.c.objc; path = "____UITests.m"; sourceTree = "<group>"; };
		2256539524C2A9E10097E8BF /* Info.plist */ = {isa = PBXFileReference; lastKnownFileType = text.plist.xml; path = Info.plist; sourceTree = "<group>"; };
		225653A124C2AA210097E8BF /* main.cpp */ = {isa = PBXFileReference; lastKnownFileType = sourcecode.cpp.cpp; path = main.cpp; sourceTree = "<group>"; };
		225653A424C2AA370097E8BF /* GLBatchBase.h */ = {isa = PBXFileReference; fileEncoding = 4; lastKnownFileType = sourcecode.c.h; path = GLBatchBase.h; sourceTree = "<group>"; };
		225653A524C2AA370097E8BF /* math3d.h */ = {isa = PBXFileReference; fileEncoding = 4; lastKnownFileType = sourcecode.c.h; path = math3d.h; sourceTree = "<group>"; };
		225653A624C2AA370097E8BF /* GLTriangleBatch.h */ = {isa = PBXFileReference; fileEncoding = 4; lastKnownFileType = sourcecode.c.h; path = GLTriangleBatch.h; sourceTree = "<group>"; };
		225653A724C2AA370097E8BF /* GLBatch.h */ = {isa = PBXFileReference; fileEncoding = 4; lastKnownFileType = sourcecode.c.h; path = GLBatch.h; sourceTree = "<group>"; };
		225653A824C2AA370097E8BF /* GLMatrixStack.h */ = {isa = PBXFileReference; fileEncoding = 4; lastKnownFileType = sourcecode.c.h; path = GLMatrixStack.h; sourceTree = "<group>"; };
		225653A924C2AA370097E8BF /* GLFrame.h */ = {isa = PBXFileReference; fileEncoding = 4; lastKnownFileType = sourcecode.c.h; path = GLFrame.h; sourceTree = "<group>"; };
		225653AA24C2AA370097E8BF /* GLFrustum.h */ = {isa = PBXFileReference; fileEncoding = 4; lastKnownFileType = sourcecode.c.h; path = GLFrustum.h; sourceTree = "<group>"; };
		225653AB24C2AA370097E8BF /* GLGeometryTransform.h */ = {isa = PBXFileReference; fileEncoding = 4; lastKnownFileType = sourcecode.c.h; path = GLGeometryTransform.h; sourceTree = "<group>"; };
		225653AC24C2AA370097E8BF /* GLShaderManager.h */ = {isa = PBXFileReference; fileEncoding = 4; lastKnownFileType = sourcecode.c.h; path = GLShaderManager.h; sourceTree = "<group>"; };
		225653AD24C2AA370097E8BF /* StopWatch.h */ = {isa = PBXFileReference; fileEncoding = 4; lastKnownFileType = sourcecode.c.h; path = StopWatch.h; sourceTree = "<group>"; };
		225653AF24C2AA370097E8BF /* glxew.h */ = {isa = PBXFileReference; fileEncoding = 4; lastKnownFileType = sourcecode.c.h; path = glxew.h; sourceTree = "<group>"; };
		225653B024C2AA370097E8BF /* wglew.h */ = {isa = PBXFileReference; fileEncoding = 4; lastKnownFileType = sourcecode.c.h; path = wglew.h; sourceTree = "<group>"; };
		225653B124C2AA370097E8BF /* glew.h */ = {isa = PBXFileReference; fileEncoding = 4; lastKnownFileType = sourcecode.c.h; path = glew.h; sourceTree = "<group>"; };
		225653B224C2AA370097E8BF /* GLTools.h */ = {isa = PBXFileReference; fileEncoding = 4; lastKnownFileType = sourcecode.c.h; path = GLTools.h; sourceTree = "<group>"; };
		225653B324C2AA370097E8BF /* libGLTools.a */ = {isa = PBXFileReference; lastKnownFileType = archive.ar; path = libGLTools.a; sourceTree = "<group>"; };
		225653B624C2AA3E0097E8BF /* GLUT.framework */ = {isa = PBXFileReference; lastKnownFileType = wrapper.framework; name = GLUT.framework; path = System/Library/Frameworks/GLUT.framework; sourceTree = SDKROOT; };
		225653B824C2AA440097E8BF /* OpenGL.framework */ = {isa = PBXFileReference; lastKnownFileType = wrapper.framework; name = OpenGL.framework; path = System/Library/Frameworks/OpenGL.framework; sourceTree = SDKROOT; };
/* End PBXFileReference section */

/* Begin PBXFrameworksBuildPhase section */
		2256536B24C2A9D90097E8BF /* Frameworks */ = {
			isa = PBXFrameworksBuildPhase;
			buildActionMask = 2147483647;
			files = (
				225653B924C2AA440097E8BF /* OpenGL.framework in Frameworks */,
				225653B724C2AA3E0097E8BF /* GLUT.framework in Frameworks */,
				225653B424C2AA370097E8BF /* libGLTools.a in Frameworks */,
			);
			runOnlyForDeploymentPostprocessing = 0;
		};
		2256538124C2A9E10097E8BF /* Frameworks */ = {
			isa = PBXFrameworksBuildPhase;
			buildActionMask = 2147483647;
			files = (
			);
			runOnlyForDeploymentPostprocessing = 0;
		};
		2256538C24C2A9E10097E8BF /* Frameworks */ = {
			isa = PBXFrameworksBuildPhase;
			buildActionMask = 2147483647;
			files = (
			);
			runOnlyForDeploymentPostprocessing = 0;
		};
/* End PBXFrameworksBuildPhase section */

/* Begin PBXGroup section */
		2256536524C2A9D90097E8BF = {
			isa = PBXGroup;
			children = (
				2256537024C2A9D90097E8BF /* 大球小球 */,
				2256538724C2A9E10097E8BF /* 大球小球Tests */,
				2256539224C2A9E10097E8BF /* 大球小球UITests */,
				2256536F24C2A9D90097E8BF /* Products */,
				225653B524C2AA3E0097E8BF /* Frameworks */,
			);
			sourceTree = "<group>";
		};
		2256536F24C2A9D90097E8BF /* Products */ = {
			isa = PBXGroup;
			children = (
				2256536E24C2A9D90097E8BF /* 大球小球.app */,
				2256538424C2A9E10097E8BF /* 大球小球Tests.xctest */,
				2256538F24C2A9E10097E8BF /* 大球小球UITests.xctest */,
			);
			name = Products;
			sourceTree = "<group>";
		};
		2256537024C2A9D90097E8BF /* 大球小球 */ = {
			isa = PBXGroup;
			children = (
				225653A324C2AA370097E8BF /* include */,
				225653B324C2AA370097E8BF /* libGLTools.a */,
				2256537724C2A9E10097E8BF /* Assets.xcassets */,
				2256537924C2A9E10097E8BF /* Main.storyboard */,
				2256537C24C2A9E10097E8BF /* Info.plist */,
				225653A124C2AA210097E8BF /* main.cpp */,
				2256537F24C2A9E10097E8BF /* ____.entitlements */,
			);
			path = "大球小球";
			sourceTree = "<group>";
		};
		2256538724C2A9E10097E8BF /* 大球小球Tests */ = {
			isa = PBXGroup;
			children = (
				2256538824C2A9E10097E8BF /* ____Tests.m */,
				2256538A24C2A9E10097E8BF /* Info.plist */,
			);
			path = "大球小球Tests";
			sourceTree = "<group>";
		};
		2256539224C2A9E10097E8BF /* 大球小球UITests */ = {
			isa = PBXGroup;
			children = (
				2256539324C2A9E10097E8BF /* ____UITests.m */,
				2256539524C2A9E10097E8BF /* Info.plist */,
			);
			path = "大球小球UITests";
			sourceTree = "<group>";
		};
		225653A324C2AA370097E8BF /* include */ = {
			isa = PBXGroup;
			children = (
				225653A424C2AA370097E8BF /* GLBatchBase.h */,
				225653A524C2AA370097E8BF /* math3d.h */,
				225653A624C2AA370097E8BF /* GLTriangleBatch.h */,
				225653A724C2AA370097E8BF /* GLBatch.h */,
				225653A824C2AA370097E8BF /* GLMatrixStack.h */,
				225653A924C2AA370097E8BF /* GLFrame.h */,
				225653AA24C2AA370097E8BF /* GLFrustum.h */,
				225653AB24C2AA370097E8BF /* GLGeometryTransform.h */,
				225653AC24C2AA370097E8BF /* GLShaderManager.h */,
				225653AD24C2AA370097E8BF /* StopWatch.h */,
				225653AE24C2AA370097E8BF /* GL */,
				225653B224C2AA370097E8BF /* GLTools.h */,
			);
			path = include;
			sourceTree = "<group>";
		};
		225653AE24C2AA370097E8BF /* GL */ = {
			isa = PBXGroup;
			children = (
				225653AF24C2AA370097E8BF /* glxew.h */,
				225653B024C2AA370097E8BF /* wglew.h */,
				225653B124C2AA370097E8BF /* glew.h */,
			);
			path = GL;
			sourceTree = "<group>";
		};
		225653B524C2AA3E0097E8BF /* Frameworks */ = {
			isa = PBXGroup;
			children = (
				225653B824C2AA440097E8BF /* OpenGL.framework */,
				225653B624C2AA3E0097E8BF /* GLUT.framework */,
			);
			name = Frameworks;
			sourceTree = "<group>";
		};
/* End PBXGroup section */

/* Begin PBXNativeTarget section */
		2256536D24C2A9D90097E8BF /* 大球小球 */ = {
			isa = PBXNativeTarget;
			buildConfigurationList = 2256539824C2A9E10097E8BF /* Build configuration list for PBXNativeTarget "大球小球" */;
			buildPhases = (
				2256536A24C2A9D90097E8BF /* Sources */,
				2256536B24C2A9D90097E8BF /* Frameworks */,
				2256536C24C2A9D90097E8BF /* Resources */,
			);
			buildRules = (
			);
			dependencies = (
			);
			name = "大球小球";
			productName = "大球小球";
			productReference = 2256536E24C2A9D90097E8BF /* 大球小球.app */;
			productType = "com.apple.product-type.application";
		};
		2256538324C2A9E10097E8BF /* 大球小球Tests */ = {
			isa = PBXNativeTarget;
			buildConfigurationList = 2256539B24C2A9E10097E8BF /* Build configuration list for PBXNativeTarget "大球小球Tests" */;
			buildPhases = (
				2256538024C2A9E10097E8BF /* Sources */,
				2256538124C2A9E10097E8BF /* Frameworks */,
				2256538224C2A9E10097E8BF /* Resources */,
			);
			buildRules = (
			);
			dependencies = (
				2256538624C2A9E10097E8BF /* PBXTargetDependency */,
			);
			name = "大球小球Tests";
			productName = "大球小球Tests";
			productReference = 2256538424C2A9E10097E8BF /* 大球小球Tests.xctest */;
			productType = "com.apple.product-type.bundle.unit-test";
		};
		2256538E24C2A9E10097E8BF /* 大球小球UITests */ = {
			isa = PBXNativeTarget;
			buildConfigurationList = 2256539E24C2A9E10097E8BF /* Build configuration list for PBXNativeTarget "大球小球UITests" */;
			buildPhases = (
				2256538B24C2A9E10097E8BF /* Sources */,
				2256538C24C2A9E10097E8BF /* Frameworks */,
				2256538D24C2A9E10097E8BF /* Resources */,
			);
			buildRules = (
			);
			dependencies = (
				2256539124C2A9E10097E8BF /* PBXTargetDependency */,
			);
			name = "大球小球UITests";
			productName = "大球小球UITests";
			productReference = 2256538F24C2A9E10097E8BF /* 大球小球UITests.xctest */;
			productType = "com.apple.product-type.bundle.ui-testing";
		};
/* End PBXNativeTarget section */

/* Begin PBXProject section */
		2256536624C2A9D90097E8BF /* Project object */ = {
			isa = PBXProject;
			attributes = {
				LastUpgradeCheck = 1150;
				ORGANIZATIONNAME = "彭文喜";
				TargetAttributes = {
					2256536D24C2A9D90097E8BF = {
						CreatedOnToolsVersion = 11.5;
					};
					2256538324C2A9E10097E8BF = {
						CreatedOnToolsVersion = 11.5;
						TestTargetID = 2256536D24C2A9D90097E8BF;
					};
					2256538E24C2A9E10097E8BF = {
						CreatedOnToolsVersion = 11.5;
						TestTargetID = 2256536D24C2A9D90097E8BF;
					};
				};
			};
			buildConfigurationList = 2256536924C2A9D90097E8BF /* Build configuration list for PBXProject "大球小球" */;
			compatibilityVersion = "Xcode 9.3";
			developmentRegion = en;
			hasScannedForEncodings = 0;
			knownRegions = (
				en,
				Base,
			);
			mainGroup = 2256536524C2A9D90097E8BF;
			productRefGroup = 2256536F24C2A9D90097E8BF /* Products */;
			projectDirPath = "";
			projectRoot = "";
			targets = (
				2256536D24C2A9D90097E8BF /* 大球小球 */,
				2256538324C2A9E10097E8BF /* 大球小球Tests */,
				2256538E24C2A9E10097E8BF /* 大球小球UITests */,
			);
		};
/* End PBXProject section */

/* Begin PBXResourcesBuildPhase section */
		2256536C24C2A9D90097E8BF /* Resources */ = {
			isa = PBXResourcesBuildPhase;
			buildActionMask = 2147483647;
			files = (
				2256537824C2A9E10097E8BF /* Assets.xcassets in Resources */,
				2256537B24C2A9E10097E8BF /* Main.storyboard in Resources */,
			);
			runOnlyForDeploymentPostprocessing = 0;
		};
		2256538224C2A9E10097E8BF /* Resources */ = {
			isa = PBXResourcesBuildPhase;
			buildActionMask = 2147483647;
			files = (
			);
			runOnlyForDeploymentPostprocessing = 0;
		};
		2256538D24C2A9E10097E8BF /* Resources */ = {
			isa = PBXResourcesBuildPhase;
			buildActionMask = 2147483647;
			files = (
			);
			runOnlyForDeploymentPostprocessing = 0;
		};
/* End PBXResourcesBuildPhase section */

/* Begin PBXSourcesBuildPhase section */
		2256536A24C2A9D90097E8BF /* Sources */ = {
			isa = PBXSourcesBuildPhase;
			buildActionMask = 2147483647;
			files = (
				225653A224C2AA210097E8BF /* main.cpp in Sources */,
			);
			runOnlyForDeploymentPostprocessing = 0;
		};
		2256538024C2A9E10097E8BF /* Sources */ = {
			isa = PBXSourcesBuildPhase;
			buildActionMask = 2147483647;
			files = (
				2256538924C2A9E10097E8BF /* ____Tests.m in Sources */,
			);
			runOnlyForDeploymentPostprocessing = 0;
		};
		2256538B24C2A9E10097E8BF /* Sources */ = {
			isa = PBXSourcesBuildPhase;
			buildActionMask = 2147483647;
			files = (
				2256539424C2A9E10097E8BF /* ____UITests.m in Sources */,
			);
			runOnlyForDeploymentPostprocessing = 0;
		};
/* End PBXSourcesBuildPhase section */

/* Begin PBXTargetDependency section */
		2256538624C2A9E10097E8BF /* PBXTargetDependency */ = {
			isa = PBXTargetDependency;
			target = 2256536D24C2A9D90097E8BF /* 大球小球 */;
			targetProxy = 2256538524C2A9E10097E8BF /* PBXContainerItemProxy */;
		};
		2256539124C2A9E10097E8BF /* PBXTargetDependency */ = {
			isa = PBXTargetDependency;
			target = 2256536D24C2A9D90097E8BF /* 大球小球 */;
			targetProxy = 2256539024C2A9E10097E8BF /* PBXContainerItemProxy */;
		};
/* End PBXTargetDependency section */

/* Begin PBXVariantGroup section */
		2256537924C2A9E10097E8BF /* Main.storyboard */ = {
			isa = PBXVariantGroup;
			children = (
				2256537A24C2A9E10097E8BF /* Base */,
			);
			name = Main.storyboard;
			sourceTree = "<group>";
		};
/* End PBXVariantGroup section */

/* Begin XCBuildConfiguration section */
		2256539624C2A9E10097E8BF /* Debug */ = {
			isa = XCBuildConfiguration;
			buildSettings = {
				ALWAYS_SEARCH_USER_PATHS = NO;
				CLANG_ANALYZER_NONNULL = YES;
				CLANG_ANALYZER_NUMBER_OBJECT_CONVERSION = YES_AGGRESSIVE;
				CLANG_CXX_LANGUAGE_STANDARD = "gnu++14";
				CLANG_CXX_LIBRARY = "libc++";
				CLANG_ENABLE_MODULES = YES;
				CLANG_ENABLE_OBJC_ARC = YES;
				CLANG_ENABLE_OBJC_WEAK = YES;
				CLANG_WARN_BLOCK_CAPTURE_AUTORELEASING = YES;
				CLANG_WARN_BOOL_CONVERSION = YES;
				CLANG_WARN_COMMA = YES;
				CLANG_WARN_CONSTANT_CONVERSION = YES;
				CLANG_WARN_DEPRECATED_OBJC_IMPLEMENTATIONS = YES;
				CLANG_WARN_DIRECT_OBJC_ISA_USAGE = YES_ERROR;
				CLANG_WARN_DOCUMENTATION_COMMENTS = YES;
				CLANG_WARN_EMPTY_BODY = YES;
				CLANG_WARN_ENUM_CONVERSION = YES;
				CLANG_WARN_INFINITE_RECURSION = YES;
				CLANG_WARN_INT_CONVERSION = YES;
				CLANG_WARN_NON_LITERAL_NULL_CONVERSION = YES;
				CLANG_WARN_OBJC_IMPLICIT_RETAIN_SELF = YES;
				CLANG_WARN_OBJC_LITERAL_CONVERSION = YES;
				CLANG_WARN_OBJC_ROOT_CLASS = YES_ERROR;
				CLANG_WARN_RANGE_LOOP_ANALYSIS = YES;
				CLANG_WARN_STRICT_PROTOTYPES = YES;
				CLANG_WARN_SUSPICIOUS_MOVE = YES;
				CLANG_WARN_UNGUARDED_AVAILABILITY = YES_AGGRESSIVE;
				CLANG_WARN_UNREACHABLE_CODE = YES;
				CLANG_WARN__DUPLICATE_METHOD_MATCH = YES;
				COPY_PHASE_STRIP = NO;
				DEBUG_INFORMATION_FORMAT = dwarf;
				ENABLE_STRICT_OBJC_MSGSEND = YES;
				ENABLE_TESTABILITY = YES;
				GCC_C_LANGUAGE_STANDARD = gnu11;
				GCC_DYNAMIC_NO_PIC = NO;
				GCC_NO_COMMON_BLOCKS = YES;
				GCC_OPTIMIZATION_LEVEL = 0;
				GCC_PREPROCESSOR_DEFINITIONS = (
					"DEBUG=1",
					"$(inherited)",
				);
				GCC_WARN_64_TO_32_BIT_CONVERSION = YES;
				GCC_WARN_ABOUT_RETURN_TYPE = YES_ERROR;
				GCC_WARN_UNDECLARED_SELECTOR = YES;
				GCC_WARN_UNINITIALIZED_AUTOS = YES_AGGRESSIVE;
				GCC_WARN_UNUSED_FUNCTION = YES;
				GCC_WARN_UNUSED_VARIABLE = YES;
				MACOSX_DEPLOYMENT_TARGET = 10.15;
				MTL_ENABLE_DEBUG_INFO = INCLUDE_SOURCE;
				MTL_FAST_MATH = YES;
				ONLY_ACTIVE_ARCH = YES;
				SDKROOT = macosx;
			};
			name = Debug;
		};
		2256539724C2A9E10097E8BF /* Release */ = {
			isa = XCBuildConfiguration;
			buildSettings = {
				ALWAYS_SEARCH_USER_PATHS = NO;
				CLANG_ANALYZER_NONNULL = YES;
				CLANG_ANALYZER_NUMBER_OBJECT_CONVERSION = YES_AGGRESSIVE;
				CLANG_CXX_LANGUAGE_STANDARD = "gnu++14";
				CLANG_CXX_LIBRARY = "libc++";
				CLANG_ENABLE_MODULES = YES;
				CLANG_ENABLE_OBJC_ARC = YES;
				CLANG_ENABLE_OBJC_WEAK = YES;
				CLANG_WARN_BLOCK_CAPTURE_AUTORELEASING = YES;
				CLANG_WARN_BOOL_CONVERSION = YES;
				CLANG_WARN_COMMA = YES;
				CLANG_WARN_CONSTANT_CONVERSION = YES;
				CLANG_WARN_DEPRECATED_OBJC_IMPLEMENTATIONS = YES;
				CLANG_WARN_DIRECT_OBJC_ISA_USAGE = YES_ERROR;
				CLANG_WARN_DOCUMENTATION_COMMENTS = YES;
				CLANG_WARN_EMPTY_BODY = YES;
				CLANG_WARN_ENUM_CONVERSION = YES;
				CLANG_WARN_INFINITE_RECURSION = YES;
				CLANG_WARN_INT_CONVERSION = YES;
				CLANG_WARN_NON_LITERAL_NULL_CONVERSION = YES;
				CLANG_WARN_OBJC_IMPLICIT_RETAIN_SELF = YES;
				CLANG_WARN_OBJC_LITERAL_CONVERSION = YES;
				CLANG_WARN_OBJC_ROOT_CLASS = YES_ERROR;
				CLANG_WARN_RANGE_LOOP_ANALYSIS = YES;
				CLANG_WARN_STRICT_PROTOTYPES = YES;
				CLANG_WARN_SUSPICIOUS_MOVE = YES;
				CLANG_WARN_UNGUARDED_AVAILABILITY = YES_AGGRESSIVE;
				CLANG_WARN_UNREACHABLE_CODE = YES;
				CLANG_WARN__DUPLICATE_METHOD_MATCH = YES;
				COPY_PHASE_STRIP = NO;
				DEBUG_INFORMATION_FORMAT = "dwarf-with-dsym";
				ENABLE_NS_ASSERTIONS = NO;
				ENABLE_STRICT_OBJC_MSGSEND = YES;
				GCC_C_LANGUAGE_STANDARD = gnu11;
				GCC_NO_COMMON_BLOCKS = YES;
				GCC_WARN_64_TO_32_BIT_CONVERSION = YES;
				GCC_WARN_ABOUT_RETURN_TYPE = YES_ERROR;
				GCC_WARN_UNDECLARED_SELECTOR = YES;
				GCC_WARN_UNINITIALIZED_AUTOS = YES_AGGRESSIVE;
				GCC_WARN_UNUSED_FUNCTION = YES;
				GCC_WARN_UNUSED_VARIABLE = YES;
				MACOSX_DEPLOYMENT_TARGET = 10.15;
				MTL_ENABLE_DEBUG_INFO = NO;
				MTL_FAST_MATH = YES;
				SDKROOT = macosx;
			};
			name = Release;
		};
		2256539924C2A9E10097E8BF /* Debug */ = {
			isa = XCBuildConfiguration;
			buildSettings = {
				ASSETCATALOG_COMPILER_APPICON_NAME = AppIcon;
				CODE_SIGN_ENTITLEMENTS = "大球小球/____.entitlements";
				CODE_SIGN_STYLE = Automatic;
				COMBINE_HIDPI_IMAGES = YES;
				INFOPLIST_FILE = "大球小球/Info.plist";
				LD_RUNPATH_SEARCH_PATHS = (
					"$(inherited)",
					"@executable_path/../Frameworks",
				);
				LIBRARY_SEARCH_PATHS = (
					"$(inherited)",
					"$(PROJECT_DIR)/大球小球",
				);
				PRODUCT_BUNDLE_IDENTIFIER = "com.wenxi.----";
				PRODUCT_NAME = "$(TARGET_NAME)";
			};
			name = Debug;
		};
		2256539A24C2A9E10097E8BF /* Release */ = {
			isa = XCBuildConfiguration;
			buildSettings = {
				ASSETCATALOG_COMPILER_APPICON_NAME = AppIcon;
				CODE_SIGN_ENTITLEMENTS = "大球小球/____.entitlements";
				CODE_SIGN_STYLE = Automatic;
				COMBINE_HIDPI_IMAGES = YES;
				INFOPLIST_FILE = "大球小球/Info.plist";
				LD_RUNPATH_SEARCH_PATHS = (
					"$(inherited)",
					"@executable_path/../Frameworks",
				);
				LIBRARY_SEARCH_PATHS = (
					"$(inherited)",
					"$(PROJECT_DIR)/大球小球",
				);
				PRODUCT_BUNDLE_IDENTIFIER = "com.wenxi.----";
				PRODUCT_NAME = "$(TARGET_NAME)";
			};
			name = Release;
		};
		2256539C24C2A9E10097E8BF /* Debug */ = {
			isa = XCBuildConfiguration;
			buildSettings = {
				BUNDLE_LOADER = "$(TEST_HOST)";
				CODE_SIGN_STYLE = Automatic;
				COMBINE_HIDPI_IMAGES = YES;
				INFOPLIST_FILE = "大球小球Tests/Info.plist";
				LD_RUNPATH_SEARCH_PATHS = (
					"$(inherited)",
					"@executable_path/../Frameworks",
					"@loader_path/../Frameworks",
				);
				MACOSX_DEPLOYMENT_TARGET = 10.15;
				PRODUCT_BUNDLE_IDENTIFIER = "com.wenxi.----Tests";
				PRODUCT_NAME = "$(TARGET_NAME)";
				TEST_HOST = "$(BUILT_PRODUCTS_DIR)/大球小球.app/Contents/MacOS/大球小球";
			};
			name = Debug;
		};
		2256539D24C2A9E10097E8BF /* Release */ = {
			isa = XCBuildConfiguration;
			buildSettings = {
				BUNDLE_LOADER = "$(TEST_HOST)";
				CODE_SIGN_STYLE = Automatic;
				COMBINE_HIDPI_IMAGES = YES;
				INFOPLIST_FILE = "大球小球Tests/Info.plist";
				LD_RUNPATH_SEARCH_PATHS = (
					"$(inherited)",
					"@executable_path/../Frameworks",
					"@loader_path/../Frameworks",
				);
				MACOSX_DEPLOYMENT_TARGET = 10.15;
				PRODUCT_BUNDLE_IDENTIFIER = "com.wenxi.----Tests";
				PRODUCT_NAME = "$(TARGET_NAME)";
				TEST_HOST = "$(BUILT_PRODUCTS_DIR)/大球小球.app/Contents/MacOS/大球小球";
			};
			name = Release;
		};
		2256539F24C2A9E10097E8BF /* Debug */ = {
			isa = XCBuildConfiguration;
			buildSettings = {
				CODE_SIGN_STYLE = Automatic;
				COMBINE_HIDPI_IMAGES = YES;
				INFOPLIST_FILE = "大球小球UITests/Info.plist";
				LD_RUNPATH_SEARCH_PATHS = (
					"$(inherited)",
					"@executable_path/../Frameworks",
					"@loader_path/../Frameworks",
				);
				PRODUCT_BUNDLE_IDENTIFIER = "com.wenxi.----UITests";
				PRODUCT_NAME = "$(TARGET_NAME)";
				TEST_TARGET_NAME = "大球小球";
			};
			name = Debug;
		};
		225653A024C2A9E10097E8BF /* Release */ = {
			isa = XCBuildConfiguration;
			buildSettings = {
				CODE_SIGN_STYLE = Automatic;
				COMBINE_HIDPI_IMAGES = YES;
				INFOPLIST_FILE = "大球小球UITests/Info.plist";
				LD_RUNPATH_SEARCH_PATHS = (
					"$(inherited)",
					"@executable_path/../Frameworks",
					"@loader_path/../Frameworks",
				);
				PRODUCT_BUNDLE_IDENTIFIER = "com.wenxi.----UITests";
				PRODUCT_NAME = "$(TARGET_NAME)";
				TEST_TARGET_NAME = "大球小球";
			};
			name = Release;
		};
/* End XCBuildConfiguration section */

/* Begin XCConfigurationList section */
		2256536924C2A9D90097E8BF /* Build configuration list for PBXProject "大球小球" */ = {
			isa = XCConfigurationList;
			buildConfigurations = (
				2256539624C2A9E10097E8BF /* Debug */,
				2256539724C2A9E10097E8BF /* Release */,
			);
			defaultConfigurationIsVisible = 0;
			defaultConfigurationName = Release;
		};
		2256539824C2A9E10097E8BF /* Build configuration list for PBXNativeTarget "大球小球" */ = {
			isa = XCConfigurationList;
			buildConfigurations = (
				2256539924C2A9E10097E8BF /* Debug */,
				2256539A24C2A9E10097E8BF /* Release */,
			);
			defaultConfigurationIsVisible = 0;
			defaultConfigurationName = Release;
		};
		2256539B24C2A9E10097E8BF /* Build configuration list for PBXNativeTarget "大球小球Tests" */ = {
			isa = XCConfigurationList;
			buildConfigurations = (
				2256539C24C2A9E10097E8BF /* Debug */,
				2256539D24C2A9E10097E8BF /* Release */,
			);
			defaultConfigurationIsVisible = 0;
			defaultConfigurationName = Release;
		};
		2256539E24C2A9E10097E8BF /* Build configuration list for PBXNativeTarget "大球小球UITests" */ = {
			isa = XCConfigurationList;
			buildConfigurations = (
				2256539F24C2A9E10097E8BF /* Debug */,
				225653A024C2A9E10097E8BF /* Release */,
			);
			defaultConfigurationIsVisible = 0;
			defaultConfigurationName = Release;
		};
/* End XCConfigurationList section */
	};
	rootObject = 2256536624C2A9D90097E8BF /* Project object */;
}
